
Microsoft Visual Studio Solution File, Format Version 12.00
# Visual Studio Version 16
VisualStudioVersion = 16.0.32228.343
MinimumVisualStudioVersion = 10.0.40219.1
Project("{9A19103F-16F7-4668-BE54-9A1E7A4F7556}") = "HelloWorld", "HelloWorld.csproj", "{7E0114A8-896D-4D9B-8C23-6E41EC7DD443}"
EndProject
Project("{FAE04EC0-301F-11D3-BF4B-00C04F79EFBC}") = "StringInterpolation", "..\StringInterpolation\StringInterpolation.csproj", "{72E68ED7-6451-44B8-B267-7A0BC4E66361}"
EndProject
Global
	GlobalSection(SolutionConfigurationPlatforms) = preSolution
		Debug|Any CPU = Debug|Any CPU
		Release|Any CPU = Release|Any CPU
	EndGlobalSection
	GlobalSection(ProjectConfigurationPlatforms) = postSolution
		{7E0114A8-896D-4D9B-8C23-6E41EC7DD443}.Debug|Any CPU.ActiveCfg = Debug|Any CPU
		{7E0114A8-896D-4D9B-8C23-6E41EC7DD443}.Debug|Any CPU.Build.0 = Debug|Any CPU
		{7E0114A8-896D-4D9B-8C23-6E41EC7DD443}.Release|Any CPU.ActiveCfg = Release|Any CPU
		{7E0114A8-896D-4D9B-8C23-6E41EC7DD443}.Release|Any CPU.Build.0 = Release|Any CPU
		{72E68ED7-6451-44B8-B267-7A0BC4E66361}.Debug|Any CPU.ActiveCfg = Debug|Any CPU
		{72E68ED7-6451-44B8-B267-7A0BC4E66361}.Debug|Any CPU.Build.0 = Debug|Any CPU
		{72E68ED7-6451-44B8-B267-7A0BC4E66361}.Release|Any CPU.ActiveCfg = Release|Any CPU
		{72E68ED7-6451-44B8-B267-7A0BC4E66361}.Release|Any CPU.Build.0 = Release|Any CPU
	EndGlobalSection
	GlobalSection(SolutionProperties) = preSolution
		HideSolutionNode = FALSE
	EndGlobalSection
	GlobalSection(ExtensibilityGlobals) = postSolution
		SolutionGuid = {65CA653D-6BEE-4650-B711-9F71A1DC121B}
	EndGlobalSection
EndGlobal
